NeoBundleLock lightline.vim c63eb5514b3cd829f1d8f30d2736b24ae4ba217a
NeoBundleLock neocomplcache.vim 778181767467b8f8016828898779a646074d883a
NeoBundleLock nerdtree a9ab90198be0581fe961125bba3f282a666ef7ff
NeoBundleLock tagbar c004652797185121bbf264138d57eb2a0199b6db
NeoBundleLock vim-glsl 697eca9784ffac39308e1fd45e0300582c3d060b
